
Microsoft Visual Studio Solution File, Format Version 12.00
# Visual Studio Version 17
VisualStudioVersion = 17.6.33815.320
MinimumVisualStudioVersion = 10.0.40219.1
Project("{FAE04EC0-301F-11D3-BF4B-00C04F79EFBC}") = "Lab 5", "Lab 5\Lab 5.csproj", "{DC4D6E9C-F839-46B0-9E3B-3B67A0026C12}"
EndProject
Project("{FAE04EC0-301F-11D3-BF4B-00C04F79EFBC}") = "TestLab_5", "TestLab_5\TestLab_5.csproj", "{7073909A-1459-475E-9E89-CD185E55C14E}"
EndProject
Global
	GlobalSection(SolutionConfigurationPlatforms) = preSolution
		Debug|Any CPU = Debug|Any CPU
		Release|Any CPU = Release|Any CPU
	EndGlobalSection
	GlobalSection(ProjectConfigurationPlatforms) = postSolution
		{DC4D6E9C-F839-46B0-9E3B-3B67A0026C12}.Debug|Any CPU.ActiveCfg = Debug|Any CPU
		{DC4D6E9C-F839-46B0-9E3B-3B67A0026C12}.Debug|Any CPU.Build.0 = Debug|Any CPU
		{DC4D6E9C-F839-46B0-9E3B-3B67A0026C12}.Release|Any CPU.ActiveCfg = Release|Any CPU
		{DC4D6E9C-F839-46B0-9E3B-3B67A0026C12}.Release|Any CPU.Build.0 = Release|Any CPU
		{7073909A-1459-475E-9E89-CD185E55C14E}.Debug|Any CPU.ActiveCfg = Debug|Any CPU
		{7073909A-1459-475E-9E89-CD185E55C14E}.Debug|Any CPU.Build.0 = Debug|Any CPU
		{7073909A-1459-475E-9E89-CD185E55C14E}.Release|Any CPU.ActiveCfg = Release|Any CPU
		{7073909A-1459-475E-9E89-CD185E55C14E}.Release|Any CPU.Build.0 = Release|Any CPU
	EndGlobalSection
	GlobalSection(SolutionProperties) = preSolution
		HideSolutionNode = FALSE
	EndGlobalSection
	GlobalSection(ExtensibilityGlobals) = postSolution
		SolutionGuid = {24E15553-CD6F-4864-89C8-A47035F2C8C0}
	EndGlobalSection
EndGlobal
